
Microsoft Visual Studio Solution File, Format Version 12.00
# Visual Studio 14
VisualStudioVersion = 14.0.25420.1
MinimumVisualStudioVersion = 10.0.40219.1
Project("{F14B399A-7131-4C87-9E4B-1186C45EF12D}") = "ssrsTraining01", "ssrsTraining01\ssrsTraining01.rptproj", "{33732955-6DA8-4F80-A510-EB0CAD07A455}"
EndProject
Project("{F184B08F-C81C-45F6-A57F-5ABD9991F28F}") = "myVBcode", "myVBcode\myVBcode.vbproj", "{1B4CB32B-2EA6-4A9A-A890-1DE76EA417DB}"
EndProject
Global
	GlobalSection(SolutionConfigurationPlatforms) = preSolution
		Debug|Any CPU = Debug|Any CPU
		DebugLocal|Any CPU = DebugLocal|Any CPU
		Release|Any CPU = Release|Any CPU
	EndGlobalSection
	GlobalSection(ProjectConfigurationPlatforms) = postSolution
		{33732955-6DA8-4F80-A510-EB0CAD07A455}.Debug|Any CPU.ActiveCfg = Debug
		{33732955-6DA8-4F80-A510-EB0CAD07A455}.Debug|Any CPU.Build.0 = Debug
		{33732955-6DA8-4F80-A510-EB0CAD07A455}.Debug|Any CPU.Deploy.0 = Debug
		{33732955-6DA8-4F80-A510-EB0CAD07A455}.DebugLocal|Any CPU.ActiveCfg = DebugLocal
		{33732955-6DA8-4F80-A510-EB0CAD07A455}.DebugLocal|Any CPU.Build.0 = DebugLocal
		{33732955-6DA8-4F80-A510-EB0CAD07A455}.DebugLocal|Any CPU.Deploy.0 = DebugLocal
		{33732955-6DA8-4F80-A510-EB0CAD07A455}.Release|Any CPU.ActiveCfg = Release
		{33732955-6DA8-4F80-A510-EB0CAD07A455}.Release|Any CPU.Build.0 = Release
		{33732955-6DA8-4F80-A510-EB0CAD07A455}.Release|Any CPU.Deploy.0 = Release
		{1B4CB32B-2EA6-4A9A-A890-1DE76EA417DB}.Debug|Any CPU.ActiveCfg = Debug|Any CPU
		{1B4CB32B-2EA6-4A9A-A890-1DE76EA417DB}.Debug|Any CPU.Build.0 = Debug|Any CPU
		{1B4CB32B-2EA6-4A9A-A890-1DE76EA417DB}.DebugLocal|Any CPU.ActiveCfg = Debug|Any CPU
		{1B4CB32B-2EA6-4A9A-A890-1DE76EA417DB}.DebugLocal|Any CPU.Build.0 = Debug|Any CPU
		{1B4CB32B-2EA6-4A9A-A890-1DE76EA417DB}.Release|Any CPU.ActiveCfg = Release|Any CPU
		{1B4CB32B-2EA6-4A9A-A890-1DE76EA417DB}.Release|Any CPU.Build.0 = Release|Any CPU
	EndGlobalSection
	GlobalSection(SolutionProperties) = preSolution
		HideSolutionNode = FALSE
	EndGlobalSection
EndGlobal
